
Microsoft Visual Studio Solution File, Format Version 12.00
# Visual Studio Version 17
VisualStudioVersion = 17.5.002.0
MinimumVisualStudioVersion = 10.0.40219.1
Project("{2150E333-8FDC-42A3-9474-1A3956D46DE8}") = "Modulo1", "Modulo1", "{9482BBDE-66C1-4F15-9EA8-546D4726CA0B}"
EndProject
Project("{9A19103F-16F7-4668-BE54-9A1E7A4F7556}") = "Domain", "Modulo1\Domain\Domain.csproj", "{90A42313-A858-4662-B247-3C504686EA02}"
EndProject
Project("{9A19103F-16F7-4668-BE54-9A1E7A4F7556}") = "TodoApi", "Modulo1\TodoApi\TodoApi.csproj", "{09A61D5F-32FE-49C3-ACBD-3551A9115C54}"
EndProject
Project("{2150E333-8FDC-42A3-9474-1A3956D46DE8}") = "Modulo2", "Modulo2", "{00C32B8B-0BDF-49EA-B185-4E3D254A01AB}"
EndProject
Project("{9A19103F-16F7-4668-BE54-9A1E7A4F7556}") = "techmed", "Modulo2\techmed\techmed.csproj", "{243253B7-CB03-4FBC-95CA-F88FCB460807}"
EndProject
Project("{2150E333-8FDC-42A3-9474-1A3956D46DE8}") = "Modulo3", "Modulo3", "{40C6AACE-8E53-4691-8119-CB82E7AE378F}"
EndProject
Project("{FAE04EC0-301F-11D3-BF4B-00C04F79EFBC}") = "TechMed.WebAPI", "Modulo3\TechMed.WebAPI\TechMed.WebAPI.csproj", "{DD78EAB5-854F-4BCE-A185-B0C9624D1065}"
EndProject
Project("{FAE04EC0-301F-11D3-BF4B-00C04F79EFBC}") = "TechMed.Core", "Modulo3\TechMed.Core\TechMed.Core.csproj", "{34621F1C-D02D-4B85-ACA2-3557652624E2}"
EndProject
Project("{FAE04EC0-301F-11D3-BF4B-00C04F79EFBC}") = "TechMed.Infrastructure", "Modulo3\TechMed.Infrastructure\TechMed.Infrastructure.csproj", "{CB8DF0D4-DACF-48CE-AB1D-AC20C01E3D0A}"
EndProject
Project("{FAE04EC0-301F-11D3-BF4B-00C04F79EFBC}") = "TechMed.Application", "Modulo3\TechMed.Application\TechMed.Application.csproj", "{2FA9C76F-72B5-402A-B0A7-98A92D25B8F3}"
EndProject
Global
	GlobalSection(SolutionConfigurationPlatforms) = preSolution
		Debug|Any CPU = Debug|Any CPU
		Release|Any CPU = Release|Any CPU
	EndGlobalSection
	GlobalSection(ProjectConfigurationPlatforms) = postSolution
		{90A42313-A858-4662-B247-3C504686EA02}.Debug|Any CPU.ActiveCfg = Debug|Any CPU
		{90A42313-A858-4662-B247-3C504686EA02}.Debug|Any CPU.Build.0 = Debug|Any CPU
		{90A42313-A858-4662-B247-3C504686EA02}.Release|Any CPU.ActiveCfg = Release|Any CPU
		{90A42313-A858-4662-B247-3C504686EA02}.Release|Any CPU.Build.0 = Release|Any CPU
		{09A61D5F-32FE-49C3-ACBD-3551A9115C54}.Debug|Any CPU.ActiveCfg = Debug|Any CPU
		{09A61D5F-32FE-49C3-ACBD-3551A9115C54}.Debug|Any CPU.Build.0 = Debug|Any CPU
		{09A61D5F-32FE-49C3-ACBD-3551A9115C54}.Release|Any CPU.ActiveCfg = Release|Any CPU
		{09A61D5F-32FE-49C3-ACBD-3551A9115C54}.Release|Any CPU.Build.0 = Release|Any CPU
		{243253B7-CB03-4FBC-95CA-F88FCB460807}.Debug|Any CPU.ActiveCfg = Debug|Any CPU
		{243253B7-CB03-4FBC-95CA-F88FCB460807}.Debug|Any CPU.Build.0 = Debug|Any CPU
		{243253B7-CB03-4FBC-95CA-F88FCB460807}.Release|Any CPU.ActiveCfg = Release|Any CPU
		{243253B7-CB03-4FBC-95CA-F88FCB460807}.Release|Any CPU.Build.0 = Release|Any CPU
		{34621F1C-D02D-4B85-ACA2-3557652624E2}.Debug|Any CPU.ActiveCfg = Debug|Any CPU
		{34621F1C-D02D-4B85-ACA2-3557652624E2}.Debug|Any CPU.Build.0 = Debug|Any CPU
		{34621F1C-D02D-4B85-ACA2-3557652624E2}.Release|Any CPU.ActiveCfg = Release|Any CPU
		{34621F1C-D02D-4B85-ACA2-3557652624E2}.Release|Any CPU.Build.0 = Release|Any CPU
		{CB8DF0D4-DACF-48CE-AB1D-AC20C01E3D0A}.Debug|Any CPU.ActiveCfg = Debug|Any CPU
		{CB8DF0D4-DACF-48CE-AB1D-AC20C01E3D0A}.Debug|Any CPU.Build.0 = Debug|Any CPU
		{CB8DF0D4-DACF-48CE-AB1D-AC20C01E3D0A}.Release|Any CPU.ActiveCfg = Release|Any CPU
		{CB8DF0D4-DACF-48CE-AB1D-AC20C01E3D0A}.Release|Any CPU.Build.0 = Release|Any CPU
		{2FA9C76F-72B5-402A-B0A7-98A92D25B8F3}.Debug|Any CPU.ActiveCfg = Debug|Any CPU
		{2FA9C76F-72B5-402A-B0A7-98A92D25B8F3}.Debug|Any CPU.Build.0 = Debug|Any CPU
		{2FA9C76F-72B5-402A-B0A7-98A92D25B8F3}.Release|Any CPU.ActiveCfg = Release|Any CPU
		{2FA9C76F-72B5-402A-B0A7-98A92D25B8F3}.Release|Any CPU.Build.0 = Release|Any CPU
	EndGlobalSection
	GlobalSection(SolutionProperties) = preSolution
		HideSolutionNode = FALSE
	EndGlobalSection
	GlobalSection(ProjectConfigurationPlatforms) = postSolution
		{9F4E5BD4-FBB3-4C31-AC1C-40B40BB15930}.Debug|Any CPU.ActiveCfg = Debug|Any CPU
		{9F4E5BD4-FBB3-4C31-AC1C-40B40BB15930}.Debug|Any CPU.Build.0 = Debug|Any CPU
		{9F4E5BD4-FBB3-4C31-AC1C-40B40BB15930}.Release|Any CPU.ActiveCfg = Release|Any CPU
		{9F4E5BD4-FBB3-4C31-AC1C-40B40BB15930}.Release|Any CPU.Build.0 = Release|Any CPU
		{6475B420-3393-48D6-86A3-C252C7E17D53}.Debug|Any CPU.ActiveCfg = Debug|Any CPU
		{6475B420-3393-48D6-86A3-C252C7E17D53}.Debug|Any CPU.Build.0 = Debug|Any CPU
		{6475B420-3393-48D6-86A3-C252C7E17D53}.Release|Any CPU.ActiveCfg = Release|Any CPU
		{6475B420-3393-48D6-86A3-C252C7E17D53}.Release|Any CPU.Build.0 = Release|Any CPU
		{A62C4DFF-1FA1-47AA-B513-D995713F1B39}.Debug|Any CPU.ActiveCfg = Debug|Any CPU
		{A62C4DFF-1FA1-47AA-B513-D995713F1B39}.Debug|Any CPU.Build.0 = Debug|Any CPU
		{A62C4DFF-1FA1-47AA-B513-D995713F1B39}.Release|Any CPU.ActiveCfg = Release|Any CPU
		{A62C4DFF-1FA1-47AA-B513-D995713F1B39}.Release|Any CPU.Build.0 = Release|Any CPU
		{DD78EAB5-854F-4BCE-A185-B0C9624D1065}.Debug|Any CPU.ActiveCfg = Debug|Any CPU
		{DD78EAB5-854F-4BCE-A185-B0C9624D1065}.Debug|Any CPU.Build.0 = Debug|Any CPU
		{DD78EAB5-854F-4BCE-A185-B0C9624D1065}.Release|Any CPU.ActiveCfg = Release|Any CPU
		{DD78EAB5-854F-4BCE-A185-B0C9624D1065}.Release|Any CPU.Build.0 = Release|Any CPU
	EndGlobalSection
	GlobalSection(NestedProjects) = preSolution
		{90A42313-A858-4662-B247-3C504686EA02} = {9482BBDE-66C1-4F15-9EA8-546D4726CA0B}
		{09A61D5F-32FE-49C3-ACBD-3551A9115C54} = {9482BBDE-66C1-4F15-9EA8-546D4726CA0B}
		{243253B7-CB03-4FBC-95CA-F88FCB460807} = {00C32B8B-0BDF-49EA-B185-4E3D254A01AB}
		{DD78EAB5-854F-4BCE-A185-B0C9624D1065} = {40C6AACE-8E53-4691-8119-CB82E7AE378F}
		{34621F1C-D02D-4B85-ACA2-3557652624E2} = {40C6AACE-8E53-4691-8119-CB82E7AE378F}
		{CB8DF0D4-DACF-48CE-AB1D-AC20C01E3D0A} = {40C6AACE-8E53-4691-8119-CB82E7AE378F}
		{2FA9C76F-72B5-402A-B0A7-98A92D25B8F3} = {40C6AACE-8E53-4691-8119-CB82E7AE378F}
	EndGlobalSection
	GlobalSection(ExtensibilityGlobals) = postSolution
		SolutionGuid = {8D628B53-0D41-4886-829B-423E81A78E3D}
	EndGlobalSection
EndGlobal
